
Microsoft Visual Studio Solution File, Format Version 11.00
# Visual Studio 2010
Project("{FAE04EC0-301F-11D3-BF4B-00C04F79EFBC}") = "Permut", "Permut.csproj", "{11BC2900-96FB-4BE7-B501-47F5A78E9598}"
EndProject
Global
	GlobalSection(SolutionConfigurationPlatforms) = preSolution
		Debug|x86 = Debug|x86
		Release|x86 = Release|x86
	EndGlobalSection
	GlobalSection(ProjectConfigurationPlatforms) = postSolution
		{11BC2900-96FB-4BE7-B501-47F5A78E9598}.Debug|x86.ActiveCfg = Debug|x86
		{11BC2900-96FB-4BE7-B501-47F5A78E9598}.Debug|x86.Build.0 = Debug|x86
		{11BC2900-96FB-4BE7-B501-47F5A78E9598}.Release|x86.ActiveCfg = Release|x86
		{11BC2900-96FB-4BE7-B501-47F5A78E9598}.Release|x86.Build.0 = Release|x86
	EndGlobalSection
	GlobalSection(SolutionProperties) = preSolution
		HideSolutionNode = FALSE
	EndGlobalSection
EndGlobal
