
Microsoft Visual Studio Solution File, Format Version 11.00
# Visual Studio 2010
Project("{FAE04EC0-301F-11D3-BF4B-00C04F79EFBC}") = "datastruc", "datastruc.csproj", "{E84BF806-8D42-44EF-869B-62A0C071294B}"
EndProject
Global
	GlobalSection(SolutionConfigurationPlatforms) = preSolution
		Debug|x86 = Debug|x86
		Release|x86 = Release|x86
	EndGlobalSection
	GlobalSection(ProjectConfigurationPlatforms) = postSolution
		{E84BF806-8D42-44EF-869B-62A0C071294B}.Debug|x86.ActiveCfg = Debug|x86
		{E84BF806-8D42-44EF-869B-62A0C071294B}.Debug|x86.Build.0 = Debug|x86
		{E84BF806-8D42-44EF-869B-62A0C071294B}.Release|x86.ActiveCfg = Release|x86
		{E84BF806-8D42-44EF-869B-62A0C071294B}.Release|x86.Build.0 = Release|x86
	EndGlobalSection
	GlobalSection(SolutionProperties) = preSolution
		HideSolutionNode = FALSE
	EndGlobalSection
EndGlobal
